// !$*UTF8*$!
{
	archiveVersion = 1;
	classes = {
	};
	objectVersion = 55;
	objects = {

/* Begin PBXBuildFile section */
		CA358A1028734E4900C681FF /* AppDelegate.swift in Sources */ = {isa = PBXBuildFile; fileRef = CA358A0F28734E4900C681FF /* AppDelegate.swift */; };
		CA358A1228734E4900C681FF /* SceneDelegate.swift in Sources */ = {isa = PBXBuildFile; fileRef = CA358A1128734E4900C681FF /* SceneDelegate.swift */; };
		CA358A1728734E4900C681FF /* Main.storyboard in Resources */ = {isa = PBXBuildFile; fileRef = CA358A1528734E4900C681FF /* Main.storyboard */; };
		CA358A1928734E4B00C681FF /* Assets.xcassets in Resources */ = {isa = PBXBuildFile; fileRef = CA358A1828734E4B00C681FF /* Assets.xcassets */; };
		CA358A1C28734E4B00C681FF /* LaunchScreen.storyboard in Resources */ = {isa = PBXBuildFile; fileRef = CA358A1A28734E4B00C681FF /* LaunchScreen.storyboard */; };
		CA358A2528734E5C00C681FF /* ScrollableStackView in Frameworks */ = {isa = PBXBuildFile; productRef = CA358A2428734E5C00C681FF /* ScrollableStackView */; };
		CA358A2728735E0100C681FF /* BrowserController.swift in Sources */ = {isa = PBXBuildFile; fileRef = CA358A2628735E0100C681FF /* BrowserController.swift */; };
		CA358A2928736D2A00C681FF /* BrowserCollectionViewCell.swift in Sources */ = {isa = PBXBuildFile; fileRef = CA358A2828736D2A00C681FF /* BrowserCollectionViewCell.swift */; };
/* End PBXBuildFile section */

/* Begin PBXFileReference section */
		CA358A0C28734E4900C681FF /* TrialProject.app */ = {isa = PBXFileReference; explicitFileType = wrapper.application; includeInIndex = 0; path = TrialProject.app; sourceTree = BUILT_PRODUCTS_DIR; };
		CA358A0F28734E4900C681FF /* AppDelegate.swift */ = {isa = PBXFileReference; lastKnownFileType = sourcecode.swift; path = AppDelegate.swift; sourceTree = "<group>"; };
		CA358A1128734E4900C681FF /* SceneDelegate.swift */ = {isa = PBXFileReference; lastKnownFileType = sourcecode.swift; path = SceneDelegate.swift; sourceTree = "<group>"; };
		CA358A1628734E4900C681FF /* Base */ = {isa = PBXFileReference; lastKnownFileType = file.storyboard; name = Base; path = Base.lproj/Main.storyboard; sourceTree = "<group>"; };
		CA358A1828734E4B00C681FF /* Assets.xcassets */ = {isa = PBXFileReference; lastKnownFileType = folder.assetcatalog; path = Assets.xcassets; sourceTree = "<group>"; };
		CA358A1B28734E4B00C681FF /* Base */ = {isa = PBXFileReference; lastKnownFileType = file.storyboard; name = Base; path = Base.lproj/LaunchScreen.storyboard; sourceTree = "<group>"; };
		CA358A1D28734E4B00C681FF /* Info.plist */ = {isa = PBXFileReference; lastKnownFileType = text.plist.xml; path = Info.plist; sourceTree = "<group>"; };
		CA358A2628735E0100C681FF /* BrowserController.swift */ = {isa = PBXFileReference; lastKnownFileType = sourcecode.swift; path = BrowserController.swift; sourceTree = "<group>"; };
		CA358A2828736D2A00C681FF /* BrowserCollectionViewCell.swift */ = {isa = PBXFileReference; lastKnownFileType = sourcecode.swift; path = BrowserCollectionViewCell.swift; sourceTree = "<group>"; };
/* End PBXFileReference section */

/* Begin PBXFrameworksBuildPhase section */
		CA358A0928734E4900C681FF /* Frameworks */ = {
			isa = PBXFrameworksBuildPhase;
			buildActionMask = 2147483647;
			files = (
				CA358A2528734E5C00C681FF /* ScrollableStackView in Frameworks */,
			);
			runOnlyForDeploymentPostprocessing = 0;
		};
/* End PBXFrameworksBuildPhase section */

/* Begin PBXGroup section */
		CA358A0328734E4900C681FF = {
			isa = PBXGroup;
			children = (
				CA358A0E28734E4900C681FF /* TrialProject */,
				CA358A0D28734E4900C681FF /* Products */,
			);
			sourceTree = "<group>";
		};
		CA358A0D28734E4900C681FF /* Products */ = {
			isa = PBXGroup;
			children = (
				CA358A0C28734E4900C681FF /* TrialProject.app */,
			);
			name = Products;
			sourceTree = "<group>";
		};
		CA358A0E28734E4900C681FF /* TrialProject */ = {
			isa = PBXGroup;
			children = (
				CA358A0F28734E4900C681FF /* AppDelegate.swift */,
				CA358A1128734E4900C681FF /* SceneDelegate.swift */,
				CA358A1528734E4900C681FF /* Main.storyboard */,
				CA358A1828734E4B00C681FF /* Assets.xcassets */,
				CA358A1A28734E4B00C681FF /* LaunchScreen.storyboard */,
				CA358A1D28734E4B00C681FF /* Info.plist */,
				CA358A2628735E0100C681FF /* BrowserController.swift */,
				CA358A2828736D2A00C681FF /* BrowserCollectionViewCell.swift */,
			);
			path = TrialProject;
			sourceTree = "<group>";
		};
/* End PBXGroup section */

/* Begin PBXNativeTarget section */
		CA358A0B28734E4900C681FF /* TrialProject */ = {
			isa = PBXNativeTarget;
			buildConfigurationList = CA358A2028734E4B00C681FF /* Build configuration list for PBXNativeTarget "TrialProject" */;
			buildPhases = (
				CA358A0828734E4900C681FF /* Sources */,
				CA358A0928734E4900C681FF /* Frameworks */,
				CA358A0A28734E4900C681FF /* Resources */,
			);
			buildRules = (
			);
			dependencies = (
			);
			name = TrialProject;
			packageProductDependencies = (
				CA358A2428734E5C00C681FF /* ScrollableStackView */,
			);
			productName = TrialProject;
			productReference = CA358A0C28734E4900C681FF /* TrialProject.app */;
			productType = "com.apple.product-type.application";
		};
/* End PBXNativeTarget section */

/* Begin PBXProject section */
		CA358A0428734E4900C681FF /* Project object */ = {
			isa = PBXProject;
			attributes = {
				BuildIndependentTargetsInParallel = 1;
				LastSwiftUpdateCheck = 1330;
				LastUpgradeCheck = 1330;
				TargetAttributes = {
					CA358A0B28734E4900C681FF = {
						CreatedOnToolsVersion = 13.3.1;
					};
				};
			};
			buildConfigurationList = CA358A0728734E4900C681FF /* Build configuration list for PBXProject "TrialProject" */;
			compatibilityVersion = "Xcode 13.0";
			developmentRegion = en;
			hasScannedForEncodings = 0;
			knownRegions = (
				en,
				Base,
			);
			mainGroup = CA358A0328734E4900C681FF;
			packageReferences = (
				CA358A2328734E5C00C681FF /* XCRemoteSwiftPackageReference "ScrollableStackView" */,
			);
			productRefGroup = CA358A0D28734E4900C681FF /* Products */;
			projectDirPath = "";
			projectRoot = "";
			targets = (
				CA358A0B28734E4900C681FF /* TrialProject */,
			);
		};
/* End PBXProject section */

/* Begin PBXResourcesBuildPhase section */
		CA358A0A28734E4900C681FF /* Resources */ = {
			isa = PBXResourcesBuildPhase;
			buildActionMask = 2147483647;
			files = (
				CA358A1C28734E4B00C681FF /* LaunchScreen.storyboard in Resources */,
				CA358A1928734E4B00C681FF /* Assets.xcassets in Resources */,
				CA358A1728734E4900C681FF /* Main.storyboard in Resources */,
			);
			runOnlyForDeploymentPostprocessing = 0;
		};
/* End PBXResourcesBuildPhase section */

/* Begin PBXSourcesBuildPhase section */
		CA358A0828734E4900C681FF /* Sources */ = {
			isa = PBXSourcesBuildPhase;
			buildActionMask = 2147483647;
			files = (
				CA358A1028734E4900C681FF /* AppDelegate.swift in Sources */,
				CA358A2928736D2A00C681FF /* BrowserCollectionViewCell.swift in Sources */,
				CA358A2728735E0100C681FF /* BrowserController.swift in Sources */,
				CA358A1228734E4900C681FF /* SceneDelegate.swift in Sources */,
			);
			runOnlyForDeploymentPostprocessing = 0;
		};
/* End PBXSourcesBuildPhase section */

/* Begin PBXVariantGroup section */
		CA358A1528734E4900C681FF /* Main.storyboard */ = {
			isa = PBXVariantGroup;
			children = (
				CA358A1628734E4900C681FF /* Base */,
			);
			name = Main.storyboard;
			sourceTree = "<group>";
		};
		CA358A1A28734E4B00C681FF /* LaunchScreen.storyboard */ = {
			isa = PBXVariantGroup;
			children = (
				CA358A1B28734E4B00C681FF /* Base */,
			);
			name = LaunchScreen.storyboard;
			sourceTree = "<group>";
		};
/* End PBXVariantGroup section */

/* Begin XCBuildConfiguration section */
		CA358A1E28734E4B00C681FF /* Debug */ = {
			isa = XCBuildConfiguration;
			buildSettings = {
				ALWAYS_SEARCH_USER_PATHS = NO;
				CLANG_ANALYZER_NONNULL = YES;
				CLANG_ANALYZER_NUMBER_OBJECT_CONVERSION = YES_AGGRESSIVE;
				CLANG_CXX_LANGUAGE_STANDARD = "gnu++17";
				CLANG_ENABLE_MODULES = YES;
				CLANG_ENABLE_OBJC_ARC = YES;
				CLANG_ENABLE_OBJC_WEAK = YES;
				CLANG_WARN_BLOCK_CAPTURE_AUTORELEASING = YES;
				CLANG_WARN_BOOL_CONVERSION = YES;
				CLANG_WARN_COMMA = YES;
				CLANG_WARN_CONSTANT_CONVERSION = YES;
				CLANG_WARN_DEPRECATED_OBJC_IMPLEMENTATIONS = YES;
				CLANG_WARN_DIRECT_OBJC_ISA_USAGE = YES_ERROR;
				CLANG_WARN_DOCUMENTATION_COMMENTS = YES;
				CLANG_WARN_EMPTY_BODY = YES;
				CLANG_WARN_ENUM_CONVERSION = YES;
				CLANG_WARN_INFINITE_RECURSION = YES;
				CLANG_WARN_INT_CONVERSION = YES;
				CLANG_WARN_NON_LITERAL_NULL_CONVERSION = YES;
				CLANG_WARN_OBJC_IMPLICIT_RETAIN_SELF = YES;
				CLANG_WARN_OBJC_LITERAL_CONVERSION = YES;
				CLANG_WARN_OBJC_ROOT_CLASS = YES_ERROR;
				CLANG_WARN_QUOTED_INCLUDE_IN_FRAMEWORK_HEADER = YES;
				CLANG_WARN_RANGE_LOOP_ANALYSIS = YES;
				CLANG_WARN_STRICT_PROTOTYPES = YES;
				CLANG_WARN_SUSPICIOUS_MOVE = YES;
				CLANG_WARN_UNGUARDED_AVAILABILITY = YES_AGGRESSIVE;
				CLANG_WARN_UNREACHABLE_CODE = YES;
				CLANG_WARN__DUPLICATE_METHOD_MATCH = YES;
				COPY_PHASE_STRIP = NO;
				DEBUG_INFORMATION_FORMAT = dwarf;
				ENABLE_STRICT_OBJC_MSGSEND = YES;
				ENABLE_TESTABILITY = YES;
				GCC_C_LANGUAGE_STANDARD = gnu11;
				GCC_DYNAMIC_NO_PIC = NO;
				GCC_NO_COMMON_BLOCKS = YES;
				GCC_OPTIMIZATION_LEVEL = 0;
				GCC_PREPROCESSOR_DEFINITIONS = (
					"DEBUG=1",
					"$(inherited)",
				);
				GCC_WARN_64_TO_32_BIT_CONVERSION = YES;
				GCC_WARN_ABOUT_RETURN_TYPE = YES_ERROR;
				GCC_WARN_UNDECLARED_SELECTOR = YES;
				GCC_WARN_UNINITIALIZED_AUTOS = YES_AGGRESSIVE;
				GCC_WARN_UNUSED_FUNCTION = YES;
				GCC_WARN_UNUSED_VARIABLE = YES;
				IPHONEOS_DEPLOYMENT_TARGET = 15.4;
				MTL_ENABLE_DEBUG_INFO = INCLUDE_SOURCE;
				MTL_FAST_MATH = YES;
				ONLY_ACTIVE_ARCH = YES;
				SDKROOT = iphoneos;
				SWIFT_ACTIVE_COMPILATION_CONDITIONS = DEBUG;
				SWIFT_OPTIMIZATION_LEVEL = "-Onone";
			};
			name = Debug;
		};
		CA358A1F28734E4B00C681FF /* Release */ = {
			isa = XCBuildConfiguration;
			buildSettings = {
				ALWAYS_SEARCH_USER_PATHS = NO;
				CLANG_ANALYZER_NONNULL = YES;
				CLANG_ANALYZER_NUMBER_OBJECT_CONVERSION = YES_AGGRESSIVE;
				CLANG_CXX_LANGUAGE_STANDARD = "gnu++17";
				CLANG_ENABLE_MODULES = YES;
				CLANG_ENABLE_OBJC_ARC = YES;
				CLANG_ENABLE_OBJC_WEAK = YES;
				CLANG_WARN_BLOCK_CAPTURE_AUTORELEASING = YES;
				CLANG_WARN_BOOL_CONVERSION = YES;
				CLANG_WARN_COMMA = YES;
				CLANG_WARN_CONSTANT_CONVERSION = YES;
				CLANG_WARN_DEPRECATED_OBJC_IMPLEMENTATIONS = YES;
				CLANG_WARN_DIRECT_OBJC_ISA_USAGE = YES_ERROR;
				CLANG_WARN_DOCUMENTATION_COMMENTS = YES;
				CLANG_WARN_EMPTY_BODY = YES;
				CLANG_WARN_ENUM_CONVERSION = YES;
				CLANG_WARN_INFINITE_RECURSION = YES;
				CLANG_WARN_INT_CONVERSION = YES;
				CLANG_WARN_NON_LITERAL_NULL_CONVERSION = YES;
				CLANG_WARN_OBJC_IMPLICIT_RETAIN_SELF = YES;
				CLANG_WARN_OBJC_LITERAL_CONVERSION = YES;
				CLANG_WARN_OBJC_ROOT_CLASS = YES_ERROR;
				CLANG_WARN_QUOTED_INCLUDE_IN_FRAMEWORK_HEADER = YES;
				CLANG_WARN_RANGE_LOOP_ANALYSIS = YES;
				CLANG_WARN_STRICT_PROTOTYPES = YES;
				CLANG_WARN_SUSPICIOUS_MOVE = YES;
				CLANG_WARN_UNGUARDED_AVAILABILITY = YES_AGGRESSIVE;
				CLANG_WARN_UNREACHABLE_CODE = YES;
				CLANG_WARN__DUPLICATE_METHOD_MATCH = YES;
				COPY_PHASE_STRIP = NO;
				DEBUG_INFORMATION_FORMAT = "dwarf-with-dsym";
				ENABLE_NS_ASSERTIONS = NO;
				ENABLE_STRICT_OBJC_MSGSEND = YES;
				GCC_C_LANGUAGE_STANDARD = gnu11;
				GCC_NO_COMMON_BLOCKS = YES;
				GCC_WARN_64_TO_32_BIT_CONVERSION = YES;
				GCC_WARN_ABOUT_RETURN_TYPE = YES_ERROR;
				GCC_WARN_UNDECLARED_SELECTOR = YES;
				GCC_WARN_UNINITIALIZED_AUTOS = YES_AGGRESSIVE;
				GCC_WARN_UNUSED_FUNCTION = YES;
				GCC_WARN_UNUSED_VARIABLE = YES;
				IPHONEOS_DEPLOYMENT_TARGET = 15.4;
				MTL_ENABLE_DEBUG_INFO = NO;
				MTL_FAST_MATH = YES;
				SDKROOT = iphoneos;
				SWIFT_COMPILATION_MODE = wholemodule;
				SWIFT_OPTIMIZATION_LEVEL = "-O";
				VALIDATE_PRODUCT = YES;
			};
			name = Release;
		};
		CA358A2128734E4B00C681FF /* Debug */ = {
			isa = XCBuildConfiguration;
			buildSettings = {
				ASSETCATALOG_COMPILER_APPICON_NAME = AppIcon;
				ASSETCATALOG_COMPILER_GLOBAL_ACCENT_COLOR_NAME = AccentColor;
				CODE_SIGN_STYLE = Automatic;
				CURRENT_PROJECT_VERSION = 1;
				DEVELOPMENT_TEAM = AL5FZG95B3;
				GENERATE_INFOPLIST_FILE = YES;
				INFOPLIST_FILE = TrialProject/Info.plist;
				INFOPLIST_KEY_UIApplicationSupportsIndirectInputEvents = YES;
				INFOPLIST_KEY_UILaunchStoryboardName = LaunchScreen;
				INFOPLIST_KEY_UIMainStoryboardFile = Main;
				INFOPLIST_KEY_UISupportedInterfaceOrientations_iPad = "UIInterfaceOrientationPortrait UIInterfaceOrientationPortraitUpsideDown UIInterfaceOrientationLandscapeLeft UIInterfaceOrientationLandscapeRight";
				INFOPLIST_KEY_UISupportedInterfaceOrientations_iPhone = "UIInterfaceOrientationPortrait UIInterfaceOrientationLandscapeLeft UIInterfaceOrientationLandscapeRight";
				LD_RUNPATH_SEARCH_PATHS = (
					"$(inherited)",
					"@executable_path/Frameworks",
				);
				MARKETING_VERSION = 1.0;
				PRODUCT_BUNDLE_IDENTIFIER = aemreb.TrialProject;
				PRODUCT_NAME = "$(TARGET_NAME)";
				SWIFT_EMIT_LOC_STRINGS = YES;
				SWIFT_VERSION = 5.0;
				TARGETED_DEVICE_FAMILY = "1,2";
			};
			name = Debug;
		};
		CA358A2228734E4B00C681FF /* Release */ = {
			isa = XCBuildConfiguration;
			buildSettings = {
				ASSETCATALOG_COMPILER_APPICON_NAME = AppIcon;
				ASSETCATALOG_COMPILER_GLOBAL_ACCENT_COLOR_NAME = AccentColor;
				CODE_SIGN_STYLE = Automatic;
				CURRENT_PROJECT_VERSION = 1;
				DEVELOPMENT_TEAM = AL5FZG95B3;
				GENERATE_INFOPLIST_FILE = YES;
				INFOPLIST_FILE = TrialProject/Info.plist;
				INFOPLIST_KEY_UIApplicationSupportsIndirectInputEvents = YES;
				INFOPLIST_KEY_UILaunchStoryboardName = LaunchScreen;
				INFOPLIST_KEY_UIMainStoryboardFile = Main;
				INFOPLIST_KEY_UISupportedInterfaceOrientations_iPad = "UIInterfaceOrientationPortrait UIInterfaceOrientationPortraitUpsideDown UIInterfaceOrientationLandscapeLeft UIInterfaceOrientationLandscapeRight";
				INFOPLIST_KEY_UISupportedInterfaceOrientations_iPhone = "UIInterfaceOrientationPortrait UIInterfaceOrientationLandscapeLeft UIInterfaceOrientationLandscapeRight";
				LD_RUNPATH_SEARCH_PATHS = (
					"$(inherited)",
					"@executable_path/Frameworks",
				);
				MARKETING_VERSION = 1.0;
				PRODUCT_BUNDLE_IDENTIFIER = aemreb.TrialProject;
				PRODUCT_NAME = "$(TARGET_NAME)";
				SWIFT_EMIT_LOC_STRINGS = YES;
				SWIFT_VERSION = 5.0;
				TARGETED_DEVICE_FAMILY = "1,2";
			};
			name = Release;
		};
/* End XCBuildConfiguration section */

/* Begin XCConfigurationList section */
		CA358A0728734E4900C681FF /* Build configuration list for PBXProject "TrialProject" */ = {
			isa = XCConfigurationList;
			buildConfigurations = (
				CA358A1E28734E4B00C681FF /* Debug */,
				CA358A1F28734E4B00C681FF /* Release */,
			);
			defaultConfigurationIsVisible = 0;
			defaultConfigurationName = Release;
		};
		CA358A2028734E4B00C681FF /* Build configuration list for PBXNativeTarget "TrialProject" */ = {
			isa = XCConfigurationList;
			buildConfigurations = (
				CA358A2128734E4B00C681FF /* Debug */,
				CA358A2228734E4B00C681FF /* Release */,
			);
			defaultConfigurationIsVisible = 0;
			defaultConfigurationName = Release;
		};
/* End XCConfigurationList section */

/* Begin XCRemoteSwiftPackageReference section */
		CA358A2328734E5C00C681FF /* XCRemoteSwiftPackageReference "ScrollableStackView" */ = {
			isa = XCRemoteSwiftPackageReference;
			repositoryURL = "https://github.com/aemreb/ScrollableStackView.git";
			requirement = {
				branch = main;
				kind = branch;
			};
		};
/* End XCRemoteSwiftPackageReference section */

/* Begin XCSwiftPackageProductDependency section */
		CA358A2428734E5C00C681FF /* ScrollableStackView */ = {
			isa = XCSwiftPackageProductDependency;
			package = CA358A2328734E5C00C681FF /* XCRemoteSwiftPackageReference "ScrollableStackView" */;
			productName = ScrollableStackView;
		};
/* End XCSwiftPackageProductDependency section */
	};
	rootObject = CA358A0428734E4900C681FF /* Project object */;
}
